
Microsoft Visual Studio Solution File, Format Version 12.00
# Visual Studio Version 17
VisualStudioVersion = 17.8.34330.188
MinimumVisualStudioVersion = 10.0.40219.1
Project("{FAE04EC0-301F-11D3-BF4B-00C04F79EFBC}") = "Crear programa 2", "Crear programa 2\Crear programa 2.csproj", "{66742EF6-ECF7-443C-93C4-F7CDE9D5E17B}"
EndProject
Global
	GlobalSection(SolutionConfigurationPlatforms) = preSolution
		Debug|Any CPU = Debug|Any CPU
		Release|Any CPU = Release|Any CPU
	EndGlobalSection
	GlobalSection(ProjectConfigurationPlatforms) = postSolution
		{66742EF6-ECF7-443C-93C4-F7CDE9D5E17B}.Debug|Any CPU.ActiveCfg = Debug|Any CPU
		{66742EF6-ECF7-443C-93C4-F7CDE9D5E17B}.Debug|Any CPU.Build.0 = Debug|Any CPU
		{66742EF6-ECF7-443C-93C4-F7CDE9D5E17B}.Release|Any CPU.ActiveCfg = Release|Any CPU
		{66742EF6-ECF7-443C-93C4-F7CDE9D5E17B}.Release|Any CPU.Build.0 = Release|Any CPU
	EndGlobalSection
	GlobalSection(SolutionProperties) = preSolution
		HideSolutionNode = FALSE
	EndGlobalSection
	GlobalSection(ExtensibilityGlobals) = postSolution
		SolutionGuid = {5CB68BCB-F6D5-42B1-904B-915F69E68CFC}
	EndGlobalSection
EndGlobal
